github.com/Masterminds/semver/v3 v3.1.1/go.mod h1:VPu/7SZ7ePZ3QOrcuXROw5FAcLl4a0cBrbBpGY/8hQs=
github.com/Masterminds/semver/v3 v3.2.1 h1:RN9w6+7QoMeJVGyfmbcgs28Br8cvmnucEXnY0rYXWg0=
github.com/Masterminds/semver/v3 v3.2.1/go.mod h1:qvl/7zhW3nngYb5+80sSMF+FG2BjYrf8m9wsX0PNOMQ=
github.com/aws/constructs-go/constructs/v10 v10.0.105/go.mod h1:nJ+TOsvImM5avqQ9apT6TQaMlZt1LYdBS573ztfcr7k=
github.com/aws/constructs-go/constructs/v10 v10.1.56/go.mod h1:QHRf47JAv2Q7+qc0NzQVWQAo4LcdzF1PMN04ZvgFtiw=
github.com/aws/constructs-go/constructs/v10 v10.1.57/go.mod h1:QHRf47JAv2Q7+qc0NzQVWQAo4LcdzF1PMN04ZvgFtiw=
github.com/aws/constructs-go/constructs/v10 v10.3.0 h1:LsjBIMiaDX/vqrXWhzTquBJ9pPdi02/H+z1DCwg0PEM=
github.com/aws/constructs-go/constructs/v10 v10.3.0/go.mod h1:GgzwIwoRJ2UYsr3SU+JhAl+gq5j39bEMYf8ev3J+s9s=
github.com/aws/jsii-runtime-go v1.55.1/go.mod h1:9htokR2a9XpRcbNf3fwqPaTs0CpC3KJCOUDMMJvEgZQ=
github.com/aws/jsii-runtime-go v1.62.0/go.mod h1:Dq2QkYFSpiHGabsCBMmLnnGkyx3lnf5k6C6fq8RN/90=
github.com/aws/jsii-runtime-go v1.102.0 h1:ioz2f1eLB6+bb/z0LcflDc4ize/a02DI+OzzgNkAgrg=
github.com/aws/jsii-runtime-go v1.102.0/go.mod h1:ZlLvPqSh0zXs0jw+hhoFSa9lq5kXRqInl1/raLZY964=
github.com/davecgh/go-spew v1.1.0/go.mod h1:J7Y8YcW2NihsgmVo/mv3lAwl/skON4iLHjSsI+c5H38=
github.com/davecgh/go-spew v1.1.1/go.mod h1:J7Y8YcW2NihsgmVo/mv3lAwl/skON4iLHjSsI+c5H38=
github.com/hashicorp/cdktf-provider-azuread-go/azuread v1.0.2 h1:S9xOPqjGMz6FntuTM2YFOZDd0r2Koj5jgQr1JlR3tsY=
github.com/hashicorp/cdktf-provider-azuread-go/azuread v1.0.2/go.mod h1:4DypTSeEplVY5eDsM2ztox8CAo7/JRCsJRnpCcsrUm8=
github.com/hashicorp/cdktf-provider-github-go/github v1.0.2 h1:U80l4Sf45d1U2TYWhYGPa/h+fghiIM9FxDbnHXIpXBE=
github.com/hashicorp/cdktf-provider-github-go/github v1.0.2/go.mod h1:9tzAe+IsnKkQxY1jCU2MfIDXrrAWI7Gfcm2gdqMqC2c=
github.com/hashicorp/cdktf-provider-tfe-go/tfe v1.0.2 h1:JORxgz9uyKJTDyjbWEEW9Zu0Ky35rdgEoLwiTaVCBEo=
github.com/hashicorp/cdktf-provider-tfe-go/tfe v1.0.2/go.mod h1:nf8VFqLYSIyJsNwm8+TbwKuVm08HpyKmCu7f7dJwaps=
github.com/hashicorp/terraform-cdk-go/cdktf v0.11.2/go.mod h1:a8+QPHntwVyJLVedf3wnodH7roqSphfVCsAzPFGtVpk=
github.com/hashicorp/terraform-cdk-go/cdktf v0.20.10 h1:O6Rf+p8n7OjOVnmKVe++LZpdrkox1xWN2+7wpD0LpdA=
github.com/hashicorp/terraform-cdk-go/cdktf v0.20.10/go.mod h1:1qQeNydHdUQESUQoVXLcrgB/qmOGwv9m7g61xPtrkg0=
github.com/pmezard/go-difflib v1.0.0/go.mod h1:iKH77koFhYxTK1pcRnkKkqfTogsbg7gZNVY4sRDYZ/4=
github.com/stretchr/objx v0.1.0/go.mod h1:HFkY916IF+rwdDfMAkV7OtwuqBVzrE8GR6GFx+wExME=
github.com/stretchr/objx v0.4.0/go.mod h1:YvHI0jy2hoMjB+UWwv71VJQ9isScKT/TqJzVSSt89Yw=
github.com/stretchr/testify v1.7.0/go.mod h1:6Fq8oRcR53rry900zMqJjRRixrwX3KX962/h/Wwjteg=
github.com/stretchr/testify v1.7.1/go.mod h1:6Fq8oRcR53rry900zMqJjRRixrwX3KX962/h/Wwjteg=
github.com/stretchr/testify v1.8.0/go.mod h1:yNjHg4UonilssWZ8iaSj1OCr/vHnekPRkoO+kdMU+MU=
gopkg.in/check.v1 v0.0.0-20161208181325-20d25e280405/go.mod h1:Co6ibVJAznAaIkqp8huTwlJQCZ016jof/cbN4VW5Yz0=
gopkg.in/yaml.v3 v3.0.0-20200313102051-9f266ea9e77c/go.mod h1:K4uyk7z7BCEPqu6E+C64Yfv1cQ7kz7rIZviUmN+EgEM=
gopkg.in/yaml.v3 v3.0.0-20210107192922-496545a6307b/go.mod h1:K4uyk7z7BCEPqu6E+C64Yfv1cQ7kz7rIZviUmN+EgEM=
gopkg.in/yaml.v3 v3.0.1/go.mod h1:K4uyk7z7BCEPqu6E+C64Yfv1cQ7kz7rIZviUmN+EgEM=
